PODS:
  - Alamofire (4.9.1)
  - CryptoSwift (1.8.3)
  - Flutter (1.0.0)
  - public_key_pinning (1.0.3):
    - Alamofire (~> 4.9.1)
    - CryptoSwift
    - Flutter

DEPENDENCIES:
  - Flutter (from `Flutter`)
  - public_key_pinning (from `.symlinks/plugins/public_key_pinning/ios`)

SPEC REPOS:
  trunk:
    - Alamofire
    - CryptoSwift

EXTERNAL SOURCES:
  Flutter:
    :path: Flutter
  public_key_pinning:
    :path: ".symlinks/plugins/public_key_pinning/ios"

SPEC CHECKSUMS:
  Alamofire: 85e8a02c69d6020a0d734f6054870d7ecb75cf18
  CryptoSwift: 967f37cea5a3294d9cce358f78861652155be483
  Flutter: e0871f40cf51350855a761d2e70bf5af5b9b5de7
  public_key_pinning: 00100b72f3a7c86a4ae5b29077c559fd5b539568

PODFILE CHECKSUM: 819463e6a0290f5a72f145ba7cde16e8b6ef0796

COCOAPODS: 1.15.2
